
Microsoft Visual Studio Solution File, Format Version 12.00
# Visual Studio Version 16
VisualStudioVersion = 16.0.30204.135
MinimumVisualStudioVersion = 10.0.40219.1
Project("{FAE04EC0-301F-11D3-BF4B-00C04F79EFBC}") = "Opal", "Opal.csproj", "{37EB80DF-5A13-45ED-8988-98AA68C16E28}"
EndProject
Project("{2150E333-8FDC-42A3-9474-1A3956D46DE8}") = "Solution Items", "Solution Items", "{4CFBD0A8-EA18-42DA-A0AB-AD1948DC1D67}"
	ProjectSection(SolutionItems) = preProject
		.editorconfig = .editorconfig
	EndProjectSection
EndProject
Global
	GlobalSection(SolutionConfigurationPlatforms) = preSolution
		Debug|Any CPU = Debug|Any CPU
		Release|Any CPU = Release|Any CPU
	EndGlobalSection
	GlobalSection(ProjectConfigurationPlatforms) = postSolution
		{37EB80DF-5A13-45ED-8988-98AA68C16E28}.Debug|Any CPU.ActiveCfg = Debug|Any CPU
		{37EB80DF-5A13-45ED-8988-98AA68C16E28}.Debug|Any CPU.Build.0 = Debug|Any CPU
		{37EB80DF-5A13-45ED-8988-98AA68C16E28}.Release|Any CPU.ActiveCfg = Release|Any CPU
		{37EB80DF-5A13-45ED-8988-98AA68C16E28}.Release|Any CPU.Build.0 = Release|Any CPU
	EndGlobalSection
	GlobalSection(SolutionProperties) = preSolution
		HideSolutionNode = FALSE
	EndGlobalSection
	GlobalSection(ExtensibilityGlobals) = postSolution
		SolutionGuid = {F22184BB-8E6C-450C-BF8E-1FA5DD17E457}
	EndGlobalSection
EndGlobal
